// !$*UTF8*$!
{
	archiveVersion = 1;
	classes = {
	};
	objectVersion = 60;
	objects = {

/* Begin PBXBuildFile section */
		988E2E712ACCBAE900DBEA03 /* GymApp.swift in Sources */ = {isa = PBXBuildFile; fileRef = 988E2E702ACCBAE900DBEA03 /* GymApp.swift */; };
		988E2E732ACCBAE900DBEA03 /* MainScreen.swift in Sources */ = {isa = PBXBuildFile; fileRef = 988E2E722ACCBAE900DBEA03 /* MainScreen.swift */; };
		988E2E752ACCBAEA00DBEA03 /* Assets.xcassets in Resources */ = {isa = PBXBuildFile; fileRef = 988E2E742ACCBAEA00DBEA03 /* Assets.xcassets */; };
		988E2E782ACCBAEA00DBEA03 /* Preview Assets.xcassets in Resources */ = {isa = PBXBuildFile; fileRef = 988E2E772ACCBAEA00DBEA03 /* Preview Assets.xcassets */; };
		988E2E822ACCBAEA00DBEA03 /* GymTests.swift in Sources */ = {isa = PBXBuildFile; fileRef = 988E2E812ACCBAEA00DBEA03 /* GymTests.swift */; };
		988E2E8C2ACCBAEA00DBEA03 /* GymUITests.swift in Sources */ = {isa = PBXBuildFile; fileRef = 988E2E8B2ACCBAEA00DBEA03 /* GymUITests.swift */; };
		988E2E8E2ACCBAEA00DBEA03 /* GymUITestsLaunchTests.swift in Sources */ = {isa = PBXBuildFile; fileRef = 988E2E8D2ACCBAEA00DBEA03 /* GymUITestsLaunchTests.swift */; };
/* End PBXBuildFile section */

/* Begin PBXContainerItemProxy section */
		988E2E7E2ACCBAEA00DBEA03 /* PBXContainerItemProxy */ = {
			isa = PBXContainerItemProxy;
			containerPortal = 988E2E652ACCBAE900DBEA03 /* Project object */;
			proxyType = 1;
			remoteGlobalIDString = 988E2E6C2ACCBAE900DBEA03;
			remoteInfo = Gym;
		};
		988E2E882ACCBAEA00DBEA03 /* PBXContainerItemProxy */ = {
			isa = PBXContainerItemProxy;
			containerPortal = 988E2E652ACCBAE900DBEA03 /* Project object */;
			proxyType = 1;
			remoteGlobalIDString = 988E2E6C2ACCBAE900DBEA03;
			remoteInfo = Gym;
		};
/* End PBXContainerItemProxy section */

/* Begin PBXFileReference section */
		988E2E6D2ACCBAE900DBEA03 /* Gym.app */ = {isa = PBXFileReference; explicitFileType = wrapper.application; includeInIndex = 0; path = Gym.app; sourceTree = BUILT_PRODUCTS_DIR; };
		988E2E702ACCBAE900DBEA03 /* GymApp.swift */ = {isa = PBXFileReference; lastKnownFileType = sourcecode.swift; path = GymApp.swift; sourceTree = "<group>"; };
		988E2E722ACCBAE900DBEA03 /* MainScreen.swift */ = {isa = PBXFileReference; lastKnownFileType = sourcecode.swift; path = MainScreen.swift; sourceTree = "<group>"; };
		988E2E742ACCBAEA00DBEA03 /* Assets.xcassets */ = {isa = PBXFileReference; lastKnownFileType = folder.assetcatalog; path = Assets.xcassets; sourceTree = "<group>"; };
		988E2E772ACCBAEA00DBEA03 /* Preview Assets.xcassets */ = {isa = PBXFileReference; lastKnownFileType = folder.assetcatalog; path = "Preview Assets.xcassets"; sourceTree = "<group>"; };
		988E2E7D2ACCBAEA00DBEA03 /* GymTests.xctest */ = {isa = PBXFileReference; explicitFileType = wrapper.cfbundle; includeInIndex = 0; path = GymTests.xctest; sourceTree = BUILT_PRODUCTS_DIR; };
		988E2E812ACCBAEA00DBEA03 /* GymTests.swift */ = {isa = PBXFileReference; lastKnownFileType = sourcecode.swift; path = GymTests.swift; sourceTree = "<group>"; };
		988E2E872ACCBAEA00DBEA03 /* GymUITests.xctest */ = {isa = PBXFileReference; explicitFileType = wrapper.cfbundle; includeInIndex = 0; path = GymUITests.xctest; sourceTree = BUILT_PRODUCTS_DIR; };
		988E2E8B2ACCBAEA00DBEA03 /* GymUITests.swift */ = {isa = PBXFileReference; lastKnownFileType = sourcecode.swift; path = GymUITests.swift; sourceTree = "<group>"; };
		988E2E8D2ACCBAEA00DBEA03 /* GymUITestsLaunchTests.swift */ = {isa = PBXFileReference; lastKnownFileType = sourcecode.swift; path = GymUITestsLaunchTests.swift; sourceTree = "<group>"; };
/* End PBXFileReference section */

/* Begin PBXFrameworksBuildPhase section */
		988E2E6A2ACCBAE900DBEA03 /* Frameworks */ = {
			isa = PBXFrameworksBuildPhase;
			buildActionMask = 2147483647;
			files = (
			);
			runOnlyForDeploymentPostprocessing = 0;
		};
		988E2E7A2ACCBAEA00DBEA03 /* Frameworks */ = {
			isa = PBXFrameworksBuildPhase;
			buildActionMask = 2147483647;
			files = (
			);
			runOnlyForDeploymentPostprocessing = 0;
		};
		988E2E842ACCBAEA00DBEA03 /* Frameworks */ = {
			isa = PBXFrameworksBuildPhase;
			buildActionMask = 2147483647;
			files = (
			);
			runOnlyForDeploymentPostprocessing = 0;
		};
/* End PBXFrameworksBuildPhase section */

/* Begin PBXGroup section */
		988E2E642ACCBAE900DBEA03 = {
			isa = PBXGroup;
			children = (
				988E2E6F2ACCBAE900DBEA03 /* Gym */,
				988E2E802ACCBAEA00DBEA03 /* GymTests */,
				988E2E8A2ACCBAEA00DBEA03 /* GymUITests */,
				988E2E6E2ACCBAE900DBEA03 /* Products */,
			);
			sourceTree = "<group>";
		};
		988E2E6E2ACCBAE900DBEA03 /* Products */ = {
			isa = PBXGroup;
			children = (
				988E2E6D2ACCBAE900DBEA03 /* Gym.app */,
				988E2E7D2ACCBAEA00DBEA03 /* GymTests.xctest */,
				988E2E872ACCBAEA00DBEA03 /* GymUITests.xctest */,
			);
			name = Products;
			sourceTree = "<group>";
		};
		988E2E6F2ACCBAE900DBEA03 /* Gym */ = {
			isa = PBXGroup;
			children = (
				988E2E702ACCBAE900DBEA03 /* GymApp.swift */,
				988E2E722ACCBAE900DBEA03 /* MainScreen.swift */,
				988E2E742ACCBAEA00DBEA03 /* Assets.xcassets */,
				988E2E762ACCBAEA00DBEA03 /* Preview Content */,
			);
			path = Gym;
			sourceTree = "<group>";
		};
		988E2E762ACCBAEA00DBEA03 /* Preview Content */ = {
			isa = PBXGroup;
			children = (
				988E2E772ACCBAEA00DBEA03 /* Preview Assets.xcassets */,
			);
			path = "Preview Content";
			sourceTree = "<group>";
		};
		988E2E802ACCBAEA00DBEA03 /* GymTests */ = {
			isa = PBXGroup;
			children = (
				988E2E812ACCBAEA00DBEA03 /* GymTests.swift */,
			);
			path = GymTests;
			sourceTree = "<group>";
		};
		988E2E8A2ACCBAEA00DBEA03 /* GymUITests */ = {
			isa = PBXGroup;
			children = (
				988E2E8B2ACCBAEA00DBEA03 /* GymUITests.swift */,
				988E2E8D2ACCBAEA00DBEA03 /* GymUITestsLaunchTests.swift */,
			);
			path = GymUITests;
			sourceTree = "<group>";
		};
/* End PBXGroup section */

/* Begin PBXNativeTarget section */
		988E2E6C2ACCBAE900DBEA03 /* Gym */ = {
			isa = PBXNativeTarget;
			buildConfigurationList = 988E2E912ACCBAEA00DBEA03 /* Build configuration list for PBXNativeTarget "Gym" */;
			buildPhases = (
				988E2E692ACCBAE900DBEA03 /* Sources */,
				988E2E6A2ACCBAE900DBEA03 /* Frameworks */,
				988E2E6B2ACCBAE900DBEA03 /* Resources */,
			);
			buildRules = (
			);
			dependencies = (
			);
			name = Gym;
			productName = Gym;
			productReference = 988E2E6D2ACCBAE900DBEA03 /* Gym.app */;
			productType = "com.apple.product-type.application";
		};
		988E2E7C2ACCBAEA00DBEA03 /* GymTests */ = {
			isa = PBXNativeTarget;
			buildConfigurationList = 988E2E942ACCBAEA00DBEA03 /* Build configuration list for PBXNativeTarget "GymTests" */;
			buildPhases = (
				988E2E792ACCBAEA00DBEA03 /* Sources */,
				988E2E7A2ACCBAEA00DBEA03 /* Frameworks */,
				988E2E7B2ACCBAEA00DBEA03 /* Resources */,
			);
			buildRules = (
			);
			dependencies = (
				988E2E7F2ACCBAEA00DBEA03 /* PBXTargetDependency */,
			);
			name = GymTests;
			productName = GymTests;
			productReference = 988E2E7D2ACCBAEA00DBEA03 /* GymTests.xctest */;
			productType = "com.apple.product-type.bundle.unit-test";
		};
		988E2E862ACCBAEA00DBEA03 /* GymUITests */ = {
			isa = PBXNativeTarget;
			buildConfigurationList = 988E2E972ACCBAEA00DBEA03 /* Build configuration list for PBXNativeTarget "GymUITests" */;
			buildPhases = (
				988E2E832ACCBAEA00DBEA03 /* Sources */,
				988E2E842ACCBAEA00DBEA03 /* Frameworks */,
				988E2E852ACCBAEA00DBEA03 /* Resources */,
			);
			buildRules = (
			);
			dependencies = (
				988E2E892ACCBAEA00DBEA03 /* PBXTargetDependency */,
			);
			name = GymUITests;
			productName = GymUITests;
			productReference = 988E2E872ACCBAEA00DBEA03 /* GymUITests.xctest */;
			productType = "com.apple.product-type.bundle.ui-testing";
		};
/* End PBXNativeTarget section */

/* Begin PBXProject section */
		988E2E652ACCBAE900DBEA03 /* Project object */ = {
			isa = PBXProject;
			attributes = {
				BuildIndependentTargetsInParallel = 1;
				LastSwiftUpdateCheck = 1500;
				LastUpgradeCheck = 1500;
				TargetAttributes = {
					988E2E6C2ACCBAE900DBEA03 = {
						CreatedOnToolsVersion = 15.0;
					};
					988E2E7C2ACCBAEA00DBEA03 = {
						CreatedOnToolsVersion = 15.0;
						TestTargetID = 988E2E6C2ACCBAE900DBEA03;
					};
					988E2E862ACCBAEA00DBEA03 = {
						CreatedOnToolsVersion = 15.0;
						TestTargetID = 988E2E6C2ACCBAE900DBEA03;
					};
				};
			};
			buildConfigurationList = 988E2E682ACCBAE900DBEA03 /* Build configuration list for PBXProject "Gym" */;
			compatibilityVersion = "Xcode 15.0";
			developmentRegion = en;
			hasScannedForEncodings = 0;
			knownRegions = (
				en,
				Base,
			);
			mainGroup = 988E2E642ACCBAE900DBEA03;
			productRefGroup = 988E2E6E2ACCBAE900DBEA03 /* Products */;
			projectDirPath = "";
			projectRoot = "";
			targets = (
				988E2E6C2ACCBAE900DBEA03 /* Gym */,
				988E2E7C2ACCBAEA00DBEA03 /* GymTests */,
				988E2E862ACCBAEA00DBEA03 /* GymUITests */,
			);
		};
/* End PBXProject section */

/* Begin PBXResourcesBuildPhase section */
		988E2E6B2ACCBAE900DBEA03 /* Resources */ = {
			isa = PBXResourcesBuildPhase;
			buildActionMask = 2147483647;
			files = (
				988E2E782ACCBAEA00DBEA03 /* Preview Assets.xcassets in Resources */,
				988E2E752ACCBAEA00DBEA03 /* Assets.xcassets in Resources */,
			);
			runOnlyForDeploymentPostprocessing = 0;
		};
		988E2E7B2ACCBAEA00DBEA03 /* Resources */ = {
			isa = PBXResourcesBuildPhase;
			buildActionMask = 2147483647;
			files = (
			);
			runOnlyForDeploymentPostprocessing = 0;
		};
		988E2E852ACCBAEA00DBEA03 /* Resources */ = {
			isa = PBXResourcesBuildPhase;
			buildActionMask = 2147483647;
			files = (
			);
			runOnlyForDeploymentPostprocessing = 0;
		};
/* End PBXResourcesBuildPhase section */

/* Begin PBXSourcesBuildPhase section */
		988E2E692ACCBAE900DBEA03 /* Sources */ = {
			isa = PBXSourcesBuildPhase;
			buildActionMask = 2147483647;
			files = (
				988E2E732ACCBAE900DBEA03 /* MainScreen.swift in Sources */,
				988E2E712ACCBAE900DBEA03 /* GymApp.swift in Sources */,
			);
			runOnlyForDeploymentPostprocessing = 0;
		};
		988E2E792ACCBAEA00DBEA03 /* Sources */ = {
			isa = PBXSourcesBuildPhase;
			buildActionMask = 2147483647;
			files = (
				988E2E822ACCBAEA00DBEA03 /* GymTests.swift in Sources */,
			);
			runOnlyForDeploymentPostprocessing = 0;
		};
		988E2E832ACCBAEA00DBEA03 /* Sources */ = {
			isa = PBXSourcesBuildPhase;
			buildActionMask = 2147483647;
			files = (
				988E2E8E2ACCBAEA00DBEA03 /* GymUITestsLaunchTests.swift in Sources */,
				988E2E8C2ACCBAEA00DBEA03 /* GymUITests.swift in Sources */,
			);
			runOnlyForDeploymentPostprocessing = 0;
		};
/* End PBXSourcesBuildPhase section */

/* Begin PBXTargetDependency section */
		988E2E7F2ACCBAEA00DBEA03 /* PBXTargetDependency */ = {
			isa = PBXTargetDependency;
			target = 988E2E6C2ACCBAE900DBEA03 /* Gym */;
			targetProxy = 988E2E7E2ACCBAEA00DBEA03 /* PBXContainerItemProxy */;
		};
		988E2E892ACCBAEA00DBEA03 /* PBXTargetDependency */ = {
			isa = PBXTargetDependency;
			target = 988E2E6C2ACCBAE900DBEA03 /* Gym */;
			targetProxy = 988E2E882ACCBAEA00DBEA03 /* PBXContainerItemProxy */;
		};
/* End PBXTargetDependency section */

/* Begin XCBuildConfiguration section */
		988E2E8F2ACCBAEA00DBEA03 /* Debug */ = {
			isa = XCBuildConfiguration;
			buildSettings = {
				ALWAYS_SEARCH_USER_PATHS = NO;
				ASSETCATALOG_COMPILER_GENERATE_SWIFT_ASSET_SYMBOL_EXTENSIONS = YES;
				CLANG_ANALYZER_NONNULL = YES;
				CLANG_ANALYZER_NUMBER_OBJECT_CONVERSION = YES_AGGRESSIVE;
				CLANG_CXX_LANGUAGE_STANDARD = "gnu++20";
				CLANG_ENABLE_MODULES = YES;
				CLANG_ENABLE_OBJC_ARC = YES;
				CLANG_ENABLE_OBJC_WEAK = YES;
				CLANG_WARN_BLOCK_CAPTURE_AUTORELEASING = YES;
				CLANG_WARN_BOOL_CONVERSION = YES;
				CLANG_WARN_COMMA = YES;
				CLANG_WARN_CONSTANT_CONVERSION = YES;
				CLANG_WARN_DEPRECATED_OBJC_IMPLEMENTATIONS = YES;
				CLANG_WARN_DIRECT_OBJC_ISA_USAGE = YES_ERROR;
				CLANG_WARN_DOCUMENTATION_COMMENTS = YES;
				CLANG_WARN_EMPTY_BODY = YES;
				CLANG_WARN_ENUM_CONVERSION = YES;
				CLANG_WARN_INFINITE_RECURSION = YES;
				CLANG_WARN_INT_CONVERSION = YES;
				CLANG_WARN_NON_LITERAL_NULL_CONVERSION = YES;
				CLANG_WARN_OBJC_IMPLICIT_RETAIN_SELF = YES;
				CLANG_WARN_OBJC_LITERAL_CONVERSION = YES;
				CLANG_WARN_OBJC_ROOT_CLASS = YES_ERROR;
				CLANG_WARN_QUOTED_INCLUDE_IN_FRAMEWORK_HEADER = YES;
				CLANG_WARN_RANGE_LOOP_ANALYSIS = YES;
				CLANG_WARN_STRICT_PROTOTYPES = YES;
				CLANG_WARN_SUSPICIOUS_MOVE = YES;
				CLANG_WARN_UNGUARDED_AVAILABILITY = YES_AGGRESSIVE;
				CLANG_WARN_UNREACHABLE_CODE = YES;
				CLANG_WARN__DUPLICATE_METHOD_MATCH = YES;
				COPY_PHASE_STRIP = NO;
				DEBUG_INFORMATION_FORMAT = dwarf;
				ENABLE_STRICT_OBJC_MSGSEND = YES;
				ENABLE_TESTABILITY = YES;
				ENABLE_USER_SCRIPT_SANDBOXING = YES;
				GCC_C_LANGUAGE_STANDARD = gnu17;
				GCC_DYNAMIC_NO_PIC = NO;
				GCC_NO_COMMON_BLOCKS = YES;
				GCC_OPTIMIZATION_LEVEL = 0;
				GCC_PREPROCESSOR_DEFINITIONS = (
					"DEBUG=1",
					"$(inherited)",
				);
				GCC_WARN_64_TO_32_BIT_CONVERSION = YES;
				GCC_WARN_ABOUT_RETURN_TYPE = YES_ERROR;
				GCC_WARN_UNDECLARED_SELECTOR = YES;
				GCC_WARN_UNINITIALIZED_AUTOS = YES_AGGRESSIVE;
				GCC_WARN_UNUSED_FUNCTION = YES;
				GCC_WARN_UNUSED_VARIABLE = YES;
				IPHONEOS_DEPLOYMENT_TARGET = 17.0;
				LOCALIZATION_PREFERS_STRING_CATALOGS = YES;
				MTL_ENABLE_DEBUG_INFO = INCLUDE_SOURCE;
				MTL_FAST_MATH = YES;
				ONLY_ACTIVE_ARCH = YES;
				SDKROOT = iphoneos;
				SWIFT_ACTIVE_COMPILATION_CONDITIONS = "DEBUG $(inherited)";
				SWIFT_OPTIMIZATION_LEVEL = "-Onone";
			};
			name = Debug;
		};
		988E2E902ACCBAEA00DBEA03 /* Release */ = {
			isa = XCBuildConfiguration;
			buildSettings = {
				ALWAYS_SEARCH_USER_PATHS = NO;
				ASSETCATALOG_COMPILER_GENERATE_SWIFT_ASSET_SYMBOL_EXTENSIONS = YES;
				CLANG_ANALYZER_NONNULL = YES;
				CLANG_ANALYZER_NUMBER_OBJECT_CONVERSION = YES_AGGRESSIVE;
				CLANG_CXX_LANGUAGE_STANDARD = "gnu++20";
				CLANG_ENABLE_MODULES = YES;
				CLANG_ENABLE_OBJC_ARC = YES;
				CLANG_ENABLE_OBJC_WEAK = YES;
				CLANG_WARN_BLOCK_CAPTURE_AUTORELEASING = YES;
				CLANG_WARN_BOOL_CONVERSION = YES;
				CLANG_WARN_COMMA = YES;
				CLANG_WARN_CONSTANT_CONVERSION = YES;
				CLANG_WARN_DEPRECATED_OBJC_IMPLEMENTATIONS = YES;
				CLANG_WARN_DIRECT_OBJC_ISA_USAGE = YES_ERROR;
				CLANG_WARN_DOCUMENTATION_COMMENTS = YES;
				CLANG_WARN_EMPTY_BODY = YES;
				CLANG_WARN_ENUM_CONVERSION = YES;
				CLANG_WARN_INFINITE_RECURSION = YES;
				CLANG_WARN_INT_CONVERSION = YES;
				CLANG_WARN_NON_LITERAL_NULL_CONVERSION = YES;
				CLANG_WARN_OBJC_IMPLICIT_RETAIN_SELF = YES;
				CLANG_WARN_OBJC_LITERAL_CONVERSION = YES;
				CLANG_WARN_OBJC_ROOT_CLASS = YES_ERROR;
				CLANG_WARN_QUOTED_INCLUDE_IN_FRAMEWORK_HEADER = YES;
				CLANG_WARN_RANGE_LOOP_ANALYSIS = YES;
				CLANG_WARN_STRICT_PROTOTYPES = YES;
				CLANG_WARN_SUSPICIOUS_MOVE = YES;
				CLANG_WARN_UNGUARDED_AVAILABILITY = YES_AGGRESSIVE;
				CLANG_WARN_UNREACHABLE_CODE = YES;
				CLANG_WARN__DUPLICATE_METHOD_MATCH = YES;
				COPY_PHASE_STRIP = NO;
				DEBUG_INFORMATION_FORMAT = "dwarf-with-dsym";
				ENABLE_NS_ASSERTIONS = NO;
				ENABLE_STRICT_OBJC_MSGSEND = YES;
				ENABLE_USER_SCRIPT_SANDBOXING = YES;
				GCC_C_LANGUAGE_STANDARD = gnu17;
				GCC_NO_COMMON_BLOCKS = YES;
				GCC_WARN_64_TO_32_BIT_CONVERSION = YES;
				GCC_WARN_ABOUT_RETURN_TYPE = YES_ERROR;
				GCC_WARN_UNDECLARED_SELECTOR = YES;
				GCC_WARN_UNINITIALIZED_AUTOS = YES_AGGRESSIVE;
				GCC_WARN_UNUSED_FUNCTION = YES;
				GCC_WARN_UNUSED_VARIABLE = YES;
				IPHONEOS_DEPLOYMENT_TARGET = 17.0;
				LOCALIZATION_PREFERS_STRING_CATALOGS = YES;
				MTL_ENABLE_DEBUG_INFO = NO;
				MTL_FAST_MATH = YES;
				SDKROOT = iphoneos;
				SWIFT_COMPILATION_MODE = wholemodule;
				VALIDATE_PRODUCT = YES;
			};
			name = Release;
		};
		988E2E922ACCBAEA00DBEA03 /* Debug */ = {
			isa = XCBuildConfiguration;
			buildSettings = {
				ASSETCATALOG_COMPILER_APPICON_NAME = AppIcon;
				ASSETCATALOG_COMPILER_GLOBAL_ACCENT_COLOR_NAME = AccentColor;
				CODE_SIGN_STYLE = Automatic;
				CURRENT_PROJECT_VERSION = 1;
				DEVELOPMENT_ASSET_PATHS = "\"Gym/Preview Content\"";
				ENABLE_PREVIEWS = YES;
				GENERATE_INFOPLIST_FILE = YES;
				INFOPLIST_KEY_UIApplicationSceneManifest_Generation = YES;
				INFOPLIST_KEY_UIApplicationSupportsIndirectInputEvents = YES;
				INFOPLIST_KEY_UILaunchScreen_Generation = YES;
				INFOPLIST_KEY_UISupportedInterfaceOrientations_iPad = "UIInterfaceOrientationPortrait UIInterfaceOrientationPortraitUpsideDown UIInterfaceOrientationLandscapeLeft UIInterfaceOrientationLandscapeRight";
				INFOPLIST_KEY_UISupportedInterfaceOrientations_iPhone = "UIInterfaceOrientationPortrait UIInterfaceOrientationLandscapeLeft UIInterfaceOrientationLandscapeRight";
				LD_RUNPATH_SEARCH_PATHS = (
					"$(inherited)",
					"@executable_path/Frameworks",
				);
				MARKETING_VERSION = 1.0;
				PRODUCT_BUNDLE_IDENTIFIER = Gymbroski.Gym;
				PRODUCT_NAME = "$(TARGET_NAME)";
				SWIFT_EMIT_LOC_STRINGS = YES;
				SWIFT_VERSION = 5.0;
				TARGETED_DEVICE_FAMILY = "1,2";
			};
			name = Debug;
		};
		988E2E932ACCBAEA00DBEA03 /* Release */ = {
			isa = XCBuildConfiguration;
			buildSettings = {
				ASSETCATALOG_COMPILER_APPICON_NAME = AppIcon;
				ASSETCATALOG_COMPILER_GLOBAL_ACCENT_COLOR_NAME = AccentColor;
				CODE_SIGN_STYLE = Automatic;
				CURRENT_PROJECT_VERSION = 1;
				DEVELOPMENT_ASSET_PATHS = "\"Gym/Preview Content\"";
				ENABLE_PREVIEWS = YES;
				GENERATE_INFOPLIST_FILE = YES;
				INFOPLIST_KEY_UIApplicationSceneManifest_Generation = YES;
				INFOPLIST_KEY_UIApplicationSupportsIndirectInputEvents = YES;
				INFOPLIST_KEY_UILaunchScreen_Generation = YES;
				INFOPLIST_KEY_UISupportedInterfaceOrientations_iPad = "UIInterfaceOrientationPortrait UIInterfaceOrientationPortraitUpsideDown UIInterfaceOrientationLandscapeLeft UIInterfaceOrientationLandscapeRight";
				INFOPLIST_KEY_UISupportedInterfaceOrientations_iPhone = "UIInterfaceOrientationPortrait UIInterfaceOrientationLandscapeLeft UIInterfaceOrientationLandscapeRight";
				LD_RUNPATH_SEARCH_PATHS = (
					"$(inherited)",
					"@executable_path/Frameworks",
				);
				MARKETING_VERSION = 1.0;
				PRODUCT_BUNDLE_IDENTIFIER = Gymbroski.Gym;
				PRODUCT_NAME = "$(TARGET_NAME)";
				SWIFT_EMIT_LOC_STRINGS = YES;
				SWIFT_VERSION = 5.0;
				TARGETED_DEVICE_FAMILY = "1,2";
			};
			name = Release;
		};
		988E2E952ACCBAEA00DBEA03 /* Debug */ = {
			isa = XCBuildConfiguration;
			buildSettings = {
				ALWAYS_EMBED_SWIFT_STANDARD_LIBRARIES = YES;
				BUNDLE_LOADER = "$(TEST_HOST)";
				CODE_SIGN_STYLE = Automatic;
				CURRENT_PROJECT_VERSION = 1;
				GENERATE_INFOPLIST_FILE = YES;
				IPHONEOS_DEPLOYMENT_TARGET = 17.0;
				MARKETING_VERSION = 1.0;
				PRODUCT_BUNDLE_IDENTIFIER = Gymbroski.GymTests;
				PRODUCT_NAME = "$(TARGET_NAME)";
				SWIFT_EMIT_LOC_STRINGS = NO;
				SWIFT_VERSION = 5.0;
				TARGETED_DEVICE_FAMILY = "1,2";
				TEST_HOST = "$(BUILT_PRODUCTS_DIR)/Gym.app/$(BUNDLE_EXECUTABLE_FOLDER_PATH)/Gym";
			};
			name = Debug;
		};
		988E2E962ACCBAEA00DBEA03 /* Release */ = {
			isa = XCBuildConfiguration;
			buildSettings = {
				ALWAYS_EMBED_SWIFT_STANDARD_LIBRARIES = YES;
				BUNDLE_LOADER = "$(TEST_HOST)";
				CODE_SIGN_STYLE = Automatic;
				CURRENT_PROJECT_VERSION = 1;
				GENERATE_INFOPLIST_FILE = YES;
				IPHONEOS_DEPLOYMENT_TARGET = 17.0;
				MARKETING_VERSION = 1.0;
				PRODUCT_BUNDLE_IDENTIFIER = Gymbroski.GymTests;
				PRODUCT_NAME = "$(TARGET_NAME)";
				SWIFT_EMIT_LOC_STRINGS = NO;
				SWIFT_VERSION = 5.0;
				TARGETED_DEVICE_FAMILY = "1,2";
				TEST_HOST = "$(BUILT_PRODUCTS_DIR)/Gym.app/$(BUNDLE_EXECUTABLE_FOLDER_PATH)/Gym";
			};
			name = Release;
		};
		988E2E982ACCBAEA00DBEA03 /* Debug */ = {
			isa = XCBuildConfiguration;
			buildSettings = {
				ALWAYS_EMBED_SWIFT_STANDARD_LIBRARIES = YES;
				CODE_SIGN_STYLE = Automatic;
				CURRENT_PROJECT_VERSION = 1;
				GENERATE_INFOPLIST_FILE = YES;
				MARKETING_VERSION = 1.0;
				PRODUCT_BUNDLE_IDENTIFIER = Gymbroski.GymUITests;
				PRODUCT_NAME = "$(TARGET_NAME)";
				SWIFT_EMIT_LOC_STRINGS = NO;
				SWIFT_VERSION = 5.0;
				TARGETED_DEVICE_FAMILY = "1,2";
				TEST_TARGET_NAME = Gym;
			};
			name = Debug;
		};
		988E2E992ACCBAEA00DBEA03 /* Release */ = {
			isa = XCBuildConfiguration;
			buildSettings = {
				ALWAYS_EMBED_SWIFT_STANDARD_LIBRARIES = YES;
				CODE_SIGN_STYLE = Automatic;
				CURRENT_PROJECT_VERSION = 1;
				GENERATE_INFOPLIST_FILE = YES;
				MARKETING_VERSION = 1.0;
				PRODUCT_BUNDLE_IDENTIFIER = Gymbroski.GymUITests;
				PRODUCT_NAME = "$(TARGET_NAME)";
				SWIFT_EMIT_LOC_STRINGS = NO;
				SWIFT_VERSION = 5.0;
				TARGETED_DEVICE_FAMILY = "1,2";
				TEST_TARGET_NAME = Gym;
			};
			name = Release;
		};
/* End XCBuildConfiguration section */

/* Begin XCConfigurationList section */
		988E2E682ACCBAE900DBEA03 /* Build configuration list for PBXProject "Gym" */ = {
			isa = XCConfigurationList;
			buildConfigurations = (
				988E2E8F2ACCBAEA00DBEA03 /* Debug */,
				988E2E902ACCBAEA00DBEA03 /* Release */,
			);
			defaultConfigurationIsVisible = 0;
			defaultConfigurationName = Release;
		};
		988E2E912ACCBAEA00DBEA03 /* Build configuration list for PBXNativeTarget "Gym" */ = {
			isa = XCConfigurationList;
			buildConfigurations = (
				988E2E922ACCBAEA00DBEA03 /* Debug */,
				988E2E932ACCBAEA00DBEA03 /* Release */,
			);
			defaultConfigurationIsVisible = 0;
			defaultConfigurationName = Release;
		};
		988E2E942ACCBAEA00DBEA03 /* Build configuration list for PBXNativeTarget "GymTests" */ = {
			isa = XCConfigurationList;
			buildConfigurations = (
				988E2E952ACCBAEA00DBEA03 /* Debug */,
				988E2E962ACCBAEA00DBEA03 /* Release */,
			);
			defaultConfigurationIsVisible = 0;
			defaultConfigurationName = Release;
		};
		988E2E972ACCBAEA00DBEA03 /* Build configuration list for PBXNativeTarget "GymUITests" */ = {
			isa = XCConfigurationList;
			buildConfigurations = (
				988E2E982ACCBAEA00DBEA03 /* Debug */,
				988E2E992ACCBAEA00DBEA03 /* Release */,
			);
			defaultConfigurationIsVisible = 0;
			defaultConfigurationName = Release;
		};
/* End XCConfigurationList section */
	};
	rootObject = 988E2E652ACCBAE900DBEA03 /* Project object */;
}
